// !$*UTF8*$!
{
	archiveVersion = 1;
	classes = {
	};
	objectVersion = 55;
	objects = {

/* Begin PBXBuildFile section */
		E119A0B2275C289100289FC3 /* AppDelegate.swift in Sources */ = {isa = PBXBuildFile; fileRef = E119A0B1275C289100289FC3 /* AppDelegate.swift */; };
		E119A0B4275C289100289FC3 /* SceneDelegate.swift in Sources */ = {isa = PBXBuildFile; fileRef = E119A0B3275C289100289FC3 /* SceneDelegate.swift */; };
		E119A0B6275C289100289FC3 /* ViewController.swift in Sources */ = {isa = PBXBuildFile; fileRef = E119A0B5275C289100289FC3 /* ViewController.swift */; };
		E119A0B9275C289100289FC3 /* Main.storyboard in Resources */ = {isa = PBXBuildFile; fileRef = E119A0B7275C289100289FC3 /* Main.storyboard */; };
		E119A0BB275C289200289FC3 /* Assets.xcassets in Resources */ = {isa = PBXBuildFile; fileRef = E119A0BA275C289200289FC3 /* Assets.xcassets */; };
		E119A0BE275C289200289FC3 /* LaunchScreen.storyboard in Resources */ = {isa = PBXBuildFile; fileRef = E119A0BC275C289200289FC3 /* LaunchScreen.storyboard */; };
		E119A0C6275C29DA00289FC3 /* Images.swift in Sources */ = {isa = PBXBuildFile; fileRef = E119A0C5275C29DA00289FC3 /* Images.swift */; };
		E119A0C8275C2AB600289FC3 /* PlayCollectionViewCell.swift in Sources */ = {isa = PBXBuildFile; fileRef = E119A0C7275C2AB600289FC3 /* PlayCollectionViewCell.swift */; };
		E119A0CA275C2E5400289FC3 /* PlayActionsThree.swift in Sources */ = {isa = PBXBuildFile; fileRef = E119A0C9275C2E5400289FC3 /* PlayActionsThree.swift */; };
		E119A0D1275C98FF00289FC3 /* Player.swift in Sources */ = {isa = PBXBuildFile; fileRef = E119A0D0275C98FF00289FC3 /* Player.swift */; };
		E119A176275FC9A600289FC3 /* GamePlan.swift in Sources */ = {isa = PBXBuildFile; fileRef = E119A175275FC9A500289FC3 /* GamePlan.swift */; };
		E119A17A275FD16900289FC3 /* Functions.swift in Sources */ = {isa = PBXBuildFile; fileRef = E119A179275FD16900289FC3 /* Functions.swift */; };
		E119A17C276011CF00289FC3 /* PlayActionsFive.swift in Sources */ = {isa = PBXBuildFile; fileRef = E119A17B276011CF00289FC3 /* PlayActionsFive.swift */; };
		E119A17E27602C6300289FC3 /* PlayActionsSeven.swift in Sources */ = {isa = PBXBuildFile; fileRef = E119A17D27602C6300289FC3 /* PlayActionsSeven.swift */; };
/* End PBXBuildFile section */

/* Begin PBXFileReference section */
		E119A0AE275C289000289FC3 /* Tic-Tac-Toe with plus version.app */ = {isa = PBXFileReference; explicitFileType = wrapper.application; includeInIndex = 0; path = "Tic-Tac-Toe with plus version.app"; sourceTree = BUILT_PRODUCTS_DIR; };
		E119A0B1275C289100289FC3 /* AppDelegate.swift */ = {isa = PBXFileReference; lastKnownFileType = sourcecode.swift; path = AppDelegate.swift; sourceTree = "<group>"; };
		E119A0B3275C289100289FC3 /* SceneDelegate.swift */ = {isa = PBXFileReference; lastKnownFileType = sourcecode.swift; path = SceneDelegate.swift; sourceTree = "<group>"; };
		E119A0B5275C289100289FC3 /* ViewController.swift */ = {isa = PBXFileReference; lastKnownFileType = sourcecode.swift; path = ViewController.swift; sourceTree = "<group>"; };
		E119A0B8275C289100289FC3 /* Base */ = {isa = PBXFileReference; lastKnownFileType = file.storyboard; name = Base; path = Base.lproj/Main.storyboard; sourceTree = "<group>"; };
		E119A0BA275C289200289FC3 /* Assets.xcassets */ = {isa = PBXFileReference; lastKnownFileType = folder.assetcatalog; path = Assets.xcassets; sourceTree = "<group>"; };
		E119A0BD275C289200289FC3 /* Base */ = {isa = PBXFileReference; lastKnownFileType = file.storyboard; name = Base; path = Base.lproj/LaunchScreen.storyboard; sourceTree = "<group>"; };
		E119A0BF275C289200289FC3 /* Info.plist */ = {isa = PBXFileReference; lastKnownFileType = text.plist.xml; path = Info.plist; sourceTree = "<group>"; };
		E119A0C5275C29DA00289FC3 /* Images.swift */ = {isa = PBXFileReference; lastKnownFileType = sourcecode.swift; path = Images.swift; sourceTree = "<group>"; };
		E119A0C7275C2AB600289FC3 /* PlayCollectionViewCell.swift */ = {isa = PBXFileReference; lastKnownFileType = sourcecode.swift; path = PlayCollectionViewCell.swift; sourceTree = "<group>"; };
		E119A0C9275C2E5400289FC3 /* PlayActionsThree.swift */ = {isa = PBXFileReference; lastKnownFileType = sourcecode.swift; path = PlayActionsThree.swift; sourceTree = "<group>"; };
		E119A0D0275C98FF00289FC3 /* Player.swift */ = {isa = PBXFileReference; lastKnownFileType = sourcecode.swift; path = Player.swift; sourceTree = "<group>"; };
		E119A175275FC9A500289FC3 /* GamePlan.swift */ = {isa = PBXFileReference; lastKnownFileType = sourcecode.swift; path = GamePlan.swift; sourceTree = "<group>"; };
		E119A179275FD16900289FC3 /* Functions.swift */ = {isa = PBXFileReference; lastKnownFileType = sourcecode.swift; path = Functions.swift; sourceTree = "<group>"; };
		E119A17B276011CF00289FC3 /* PlayActionsFive.swift */ = {isa = PBXFileReference; lastKnownFileType = sourcecode.swift; path = PlayActionsFive.swift; sourceTree = "<group>"; };
		E119A17D27602C6300289FC3 /* PlayActionsSeven.swift */ = {isa = PBXFileReference; lastKnownFileType = sourcecode.swift; path = PlayActionsSeven.swift; sourceTree = "<group>"; };
/* End PBXFileReference section */

/* Begin PBXFrameworksBuildPhase section */
		E119A0AB275C289000289FC3 /* Frameworks */ = {
			isa = PBXFrameworksBuildPhase;
			buildActionMask = 2147483647;
			files = (
			);
			runOnlyForDeploymentPostprocessing = 0;
		};
/* End PBXFrameworksBuildPhase section */

/* Begin PBXGroup section */
		E119A0A5275C289000289FC3 = {
			isa = PBXGroup;
			children = (
				E119A0B0275C289000289FC3 /* Tic-Tac-Toe with plus version */,
				E119A0AF275C289000289FC3 /* Products */,
			);
			sourceTree = "<group>";
		};
		E119A0AF275C289000289FC3 /* Products */ = {
			isa = PBXGroup;
			children = (
				E119A0AE275C289000289FC3 /* Tic-Tac-Toe with plus version.app */,
			);
			name = Products;
			sourceTree = "<group>";
		};
		E119A0B0275C289000289FC3 /* Tic-Tac-Toe with plus version */ = {
			isa = PBXGroup;
			children = (
				E119A0CD275C37EA00289FC3 /* Storyboard */,
				E119A0CC275C37D500289FC3 /* View Controller */,
				E119A0CB275C37B100289FC3 /* Models And Actions */,
				E119A0B1275C289100289FC3 /* AppDelegate.swift */,
				E119A0B3275C289100289FC3 /* SceneDelegate.swift */,
				E119A0BA275C289200289FC3 /* Assets.xcassets */,
				E119A0BF275C289200289FC3 /* Info.plist */,
			);
			path = "Tic-Tac-Toe with plus version";
			sourceTree = "<group>";
		};
		E119A0CB275C37B100289FC3 /* Models And Actions */ = {
			isa = PBXGroup;
			children = (
				E119A0C5275C29DA00289FC3 /* Images.swift */,
				E119A0D0275C98FF00289FC3 /* Player.swift */,
				E119A175275FC9A500289FC3 /* GamePlan.swift */,
				E119A179275FD16900289FC3 /* Functions.swift */,
				E119A0C9275C2E5400289FC3 /* PlayActionsThree.swift */,
				E119A17B276011CF00289FC3 /* PlayActionsFive.swift */,
				E119A17D27602C6300289FC3 /* PlayActionsSeven.swift */,
			);
			path = "Models And Actions";
			sourceTree = "<group>";
		};
		E119A0CC275C37D500289FC3 /* View Controller */ = {
			isa = PBXGroup;
			children = (
				E119A0B5275C289100289FC3 /* ViewController.swift */,
				E119A0C7275C2AB600289FC3 /* PlayCollectionViewCell.swift */,
			);
			path = "View Controller";
			sourceTree = "<group>";
		};
		E119A0CD275C37EA00289FC3 /* Storyboard */ = {
			isa = PBXGroup;
			children = (
				E119A0B7275C289100289FC3 /* Main.storyboard */,
				E119A0BC275C289200289FC3 /* LaunchScreen.storyboard */,
			);
			path = Storyboard;
			sourceTree = "<group>";
		};
/* End PBXGroup section */

/* Begin PBXNativeTarget section */
		E119A0AD275C289000289FC3 /* Tic-Tac-Toe with plus version */ = {
			isa = PBXNativeTarget;
			buildConfigurationList = E119A0C2275C289200289FC3 /* Build configuration list for PBXNativeTarget "Tic-Tac-Toe with plus version" */;
			buildPhases = (
				E119A0AA275C289000289FC3 /* Sources */,
				E119A0AB275C289000289FC3 /* Frameworks */,
				E119A0AC275C289000289FC3 /* Resources */,
			);
			buildRules = (
			);
			dependencies = (
			);
			name = "Tic-Tac-Toe with plus version";
			productName = "Tic-Tac-Toe with plus version";
			productReference = E119A0AE275C289000289FC3 /* Tic-Tac-Toe with plus version.app */;
			productType = "com.apple.product-type.application";
		};
/* End PBXNativeTarget section */

/* Begin PBXProject section */
		E119A0A6275C289000289FC3 /* Project object */ = {
			isa = PBXProject;
			attributes = {
				BuildIndependentTargetsInParallel = 1;
				LastSwiftUpdateCheck = 1310;
				LastUpgradeCheck = 1310;
				TargetAttributes = {
					E119A0AD275C289000289FC3 = {
						CreatedOnToolsVersion = 13.1;
					};
				};
			};
			buildConfigurationList = E119A0A9275C289000289FC3 /* Build configuration list for PBXProject "Tic-Tac-Toe with plus version" */;
			compatibilityVersion = "Xcode 13.0";
			developmentRegion = en;
			hasScannedForEncodings = 0;
			knownRegions = (
				en,
				Base,
			);
			mainGroup = E119A0A5275C289000289FC3;
			productRefGroup = E119A0AF275C289000289FC3 /* Products */;
			projectDirPath = "";
			projectRoot = "";
			targets = (
				E119A0AD275C289000289FC3 /* Tic-Tac-Toe with plus version */,
			);
		};
/* End PBXProject section */

/* Begin PBXResourcesBuildPhase section */
		E119A0AC275C289000289FC3 /* Resources */ = {
			isa = PBXResourcesBuildPhase;
			buildActionMask = 2147483647;
			files = (
				E119A0BE275C289200289FC3 /* LaunchScreen.storyboard in Resources */,
				E119A0BB275C289200289FC3 /* Assets.xcassets in Resources */,
				E119A0B9275C289100289FC3 /* Main.storyboard in Resources */,
			);
			runOnlyForDeploymentPostprocessing = 0;
		};
/* End PBXResourcesBuildPhase section */

/* Begin PBXSourcesBuildPhase section */
		E119A0AA275C289000289FC3 /* Sources */ = {
			isa = PBXSourcesBuildPhase;
			buildActionMask = 2147483647;
			files = (
				E119A17E27602C6300289FC3 /* PlayActionsSeven.swift in Sources */,
				E119A0C6275C29DA00289FC3 /* Images.swift in Sources */,
				E119A0CA275C2E5400289FC3 /* PlayActionsThree.swift in Sources */,
				E119A0B6275C289100289FC3 /* ViewController.swift in Sources */,
				E119A17A275FD16900289FC3 /* Functions.swift in Sources */,
				E119A0B2275C289100289FC3 /* AppDelegate.swift in Sources */,
				E119A0D1275C98FF00289FC3 /* Player.swift in Sources */,
				E119A0B4275C289100289FC3 /* SceneDelegate.swift in Sources */,
				E119A176275FC9A600289FC3 /* GamePlan.swift in Sources */,
				E119A0C8275C2AB600289FC3 /* PlayCollectionViewCell.swift in Sources */,
				E119A17C276011CF00289FC3 /* PlayActionsFive.swift in Sources */,
			);
			runOnlyForDeploymentPostprocessing = 0;
		};
/* End PBXSourcesBuildPhase section */

/* Begin PBXVariantGroup section */
		E119A0B7275C289100289FC3 /* Main.storyboard */ = {
			isa = PBXVariantGroup;
			children = (
				E119A0B8275C289100289FC3 /* Base */,
			);
			name = Main.storyboard;
			sourceTree = "<group>";
		};
		E119A0BC275C289200289FC3 /* LaunchScreen.storyboard */ = {
			isa = PBXVariantGroup;
			children = (
				E119A0BD275C289200289FC3 /* Base */,
			);
			name = LaunchScreen.storyboard;
			sourceTree = "<group>";
		};
/* End PBXVariantGroup section */

/* Begin XCBuildConfiguration section */
		E119A0C0275C289200289FC3 /* Debug */ = {
			isa = XCBuildConfiguration;
			buildSettings = {
				ALWAYS_SEARCH_USER_PATHS = NO;
				CLANG_ANALYZER_NONNULL = YES;
				CLANG_ANALYZER_NUMBER_OBJECT_CONVERSION = YES_AGGRESSIVE;
				CLANG_CXX_LANGUAGE_STANDARD = "gnu++17";
				CLANG_CXX_LIBRARY = "libc++";
				CLANG_ENABLE_MODULES = YES;
				CLANG_ENABLE_OBJC_ARC = YES;
				CLANG_ENABLE_OBJC_WEAK = YES;
				CLANG_WARN_BLOCK_CAPTURE_AUTORELEASING = YES;
				CLANG_WARN_BOOL_CONVERSION = YES;
				CLANG_WARN_COMMA = YES;
				CLANG_WARN_CONSTANT_CONVERSION = YES;
				CLANG_WARN_DEPRECATED_OBJC_IMPLEMENTATIONS = YES;
				CLANG_WARN_DIRECT_OBJC_ISA_USAGE = YES_ERROR;
				CLANG_WARN_DOCUMENTATION_COMMENTS = YES;
				CLANG_WARN_EMPTY_BODY = YES;
				CLANG_WARN_ENUM_CONVERSION = YES;
				CLANG_WARN_INFINITE_RECURSION = YES;
				CLANG_WARN_INT_CONVERSION = YES;
				CLANG_WARN_NON_LITERAL_NULL_CONVERSION = YES;
				CLANG_WARN_OBJC_IMPLICIT_RETAIN_SELF = YES;
				CLANG_WARN_OBJC_LITERAL_CONVERSION = YES;
				CLANG_WARN_OBJC_ROOT_CLASS = YES_ERROR;
				CLANG_WARN_QUOTED_INCLUDE_IN_FRAMEWORK_HEADER = YES;
				CLANG_WARN_RANGE_LOOP_ANALYSIS = YES;
				CLANG_WARN_STRICT_PROTOTYPES = YES;
				CLANG_WARN_SUSPICIOUS_MOVE = YES;
				CLANG_WARN_UNGUARDED_AVAILABILITY = YES_AGGRESSIVE;
				CLANG_WARN_UNREACHABLE_CODE = YES;
				CLANG_WARN__DUPLICATE_METHOD_MATCH = YES;
				COPY_PHASE_STRIP = NO;
				DEBUG_INFORMATION_FORMAT = dwarf;
				ENABLE_STRICT_OBJC_MSGSEND = YES;
				ENABLE_TESTABILITY = YES;
				GCC_C_LANGUAGE_STANDARD = gnu11;
				GCC_DYNAMIC_NO_PIC = NO;
				GCC_NO_COMMON_BLOCKS = YES;
				GCC_OPTIMIZATION_LEVEL = 0;
				GCC_PREPROCESSOR_DEFINITIONS = (
					"DEBUG=1",
					"$(inherited)",
				);
				GCC_WARN_64_TO_32_BIT_CONVERSION = YES;
				GCC_WARN_ABOUT_RETURN_TYPE = YES_ERROR;
				GCC_WARN_UNDECLARED_SELECTOR = YES;
				GCC_WARN_UNINITIALIZED_AUTOS = YES_AGGRESSIVE;
				GCC_WARN_UNUSED_FUNCTION = YES;
				GCC_WARN_UNUSED_VARIABLE = YES;
				IPHONEOS_DEPLOYMENT_TARGET = 15.0;
				MTL_ENABLE_DEBUG_INFO = INCLUDE_SOURCE;
				MTL_FAST_MATH = YES;
				ONLY_ACTIVE_ARCH = YES;
				SDKROOT = iphoneos;
				SWIFT_ACTIVE_COMPILATION_CONDITIONS = DEBUG;
				SWIFT_OPTIMIZATION_LEVEL = "-Onone";
			};
			name = Debug;
		};
		E119A0C1275C289200289FC3 /* Release */ = {
			isa = XCBuildConfiguration;
			buildSettings = {
				ALWAYS_SEARCH_USER_PATHS = NO;
				CLANG_ANALYZER_NONNULL = YES;
				CLANG_ANALYZER_NUMBER_OBJECT_CONVERSION = YES_AGGRESSIVE;
				CLANG_CXX_LANGUAGE_STANDARD = "gnu++17";
				CLANG_CXX_LIBRARY = "libc++";
				CLANG_ENABLE_MODULES = YES;
				CLANG_ENABLE_OBJC_ARC = YES;
				CLANG_ENABLE_OBJC_WEAK = YES;
				CLANG_WARN_BLOCK_CAPTURE_AUTORELEASING = YES;
				CLANG_WARN_BOOL_CONVERSION = YES;
				CLANG_WARN_COMMA = YES;
				CLANG_WARN_CONSTANT_CONVERSION = YES;
				CLANG_WARN_DEPRECATED_OBJC_IMPLEMENTATIONS = YES;
				CLANG_WARN_DIRECT_OBJC_ISA_USAGE = YES_ERROR;
				CLANG_WARN_DOCUMENTATION_COMMENTS = YES;
				CLANG_WARN_EMPTY_BODY = YES;
				CLANG_WARN_ENUM_CONVERSION = YES;
				CLANG_WARN_INFINITE_RECURSION = YES;
				CLANG_WARN_INT_CONVERSION = YES;
				CLANG_WARN_NON_LITERAL_NULL_CONVERSION = YES;
				CLANG_WARN_OBJC_IMPLICIT_RETAIN_SELF = YES;
				CLANG_WARN_OBJC_LITERAL_CONVERSION = YES;
				CLANG_WARN_OBJC_ROOT_CLASS = YES_ERROR;
				CLANG_WARN_QUOTED_INCLUDE_IN_FRAMEWORK_HEADER = YES;
				CLANG_WARN_RANGE_LOOP_ANALYSIS = YES;
				CLANG_WARN_STRICT_PROTOTYPES = YES;
				CLANG_WARN_SUSPICIOUS_MOVE = YES;
				CLANG_WARN_UNGUARDED_AVAILABILITY = YES_AGGRESSIVE;
				CLANG_WARN_UNREACHABLE_CODE = YES;
				CLANG_WARN__DUPLICATE_METHOD_MATCH = YES;
				COPY_PHASE_STRIP = NO;
				DEBUG_INFORMATION_FORMAT = "dwarf-with-dsym";
				ENABLE_NS_ASSERTIONS = NO;
				ENABLE_STRICT_OBJC_MSGSEND = YES;
				GCC_C_LANGUAGE_STANDARD = gnu11;
				GCC_NO_COMMON_BLOCKS = YES;
				GCC_WARN_64_TO_32_BIT_CONVERSION = YES;
				GCC_WARN_ABOUT_RETURN_TYPE = YES_ERROR;
				GCC_WARN_UNDECLARED_SELECTOR = YES;
				GCC_WARN_UNINITIALIZED_AUTOS = YES_AGGRESSIVE;
				GCC_WARN_UNUSED_FUNCTION = YES;
				GCC_WARN_UNUSED_VARIABLE = YES;
				IPHONEOS_DEPLOYMENT_TARGET = 15.0;
				MTL_ENABLE_DEBUG_INFO = NO;
				MTL_FAST_MATH = YES;
				SDKROOT = iphoneos;
				SWIFT_COMPILATION_MODE = wholemodule;
				SWIFT_OPTIMIZATION_LEVEL = "-O";
				VALIDATE_PRODUCT = YES;
			};
			name = Release;
		};
		E119A0C3275C289200289FC3 /* Debug */ = {
			isa = XCBuildConfiguration;
			buildSettings = {
				ASSETCATALOG_COMPILER_APPICON_NAME = AppIcon;
				ASSETCATALOG_COMPILER_GLOBAL_ACCENT_COLOR_NAME = AccentColor;
				CODE_SIGN_STYLE = Automatic;
				CURRENT_PROJECT_VERSION = 1;
				DEVELOPMENT_TEAM = 837WHX2UV7;
				GENERATE_INFOPLIST_FILE = YES;
				INFOPLIST_FILE = "Tic-Tac-Toe with plus version/Info.plist";
				INFOPLIST_KEY_UIApplicationSupportsIndirectInputEvents = YES;
				INFOPLIST_KEY_UILaunchStoryboardName = LaunchScreen;
				INFOPLIST_KEY_UIMainStoryboardFile = Main;
				INFOPLIST_KEY_UISupportedInterfaceOrientations_iPad = "UIInterfaceOrientationPortrait UIInterfaceOrientationPortraitUpsideDown UIInterfaceOrientationLandscapeLeft UIInterfaceOrientationLandscapeRight";
				INFOPLIST_KEY_UISupportedInterfaceOrientations_iPhone = "UIInterfaceOrientationPortrait UIInterfaceOrientationLandscapeLeft UIInterfaceOrientationLandscapeRight";
				LD_RUNPATH_SEARCH_PATHS = (
					"$(inherited)",
					"@executable_path/Frameworks",
				);
				MARKETING_VERSION = 1.0;
				PRODUCT_BUNDLE_IDENTIFIER = "nureddinelmas.Tic-Tac-Toe-with-plus-version";
				PRODUCT_NAME = "$(TARGET_NAME)";
				SWIFT_EMIT_LOC_STRINGS = YES;
				SWIFT_VERSION = 5.0;
				TARGETED_DEVICE_FAMILY = "1,2";
			};
			name = Debug;
		};
		E119A0C4275C289200289FC3 /* Release */ = {
			isa = XCBuildConfiguration;
			buildSettings = {
				ASSETCATALOG_COMPILER_APPICON_NAME = AppIcon;
				ASSETCATALOG_COMPILER_GLOBAL_ACCENT_COLOR_NAME = AccentColor;
				CODE_SIGN_STYLE = Automatic;
				CURRENT_PROJECT_VERSION = 1;
				DEVELOPMENT_TEAM = 837WHX2UV7;
				GENERATE_INFOPLIST_FILE = YES;
				INFOPLIST_FILE = "Tic-Tac-Toe with plus version/Info.plist";
				INFOPLIST_KEY_UIApplicationSupportsIndirectInputEvents = YES;
				INFOPLIST_KEY_UILaunchStoryboardName = LaunchScreen;
				INFOPLIST_KEY_UIMainStoryboardFile = Main;
				INFOPLIST_KEY_UISupportedInterfaceOrientations_iPad = "UIInterfaceOrientationPortrait UIInterfaceOrientationPortraitUpsideDown UIInterfaceOrientationLandscapeLeft UIInterfaceOrientationLandscapeRight";
				INFOPLIST_KEY_UISupportedInterfaceOrientations_iPhone = "UIInterfaceOrientationPortrait UIInterfaceOrientationLandscapeLeft UIInterfaceOrientationLandscapeRight";
				LD_RUNPATH_SEARCH_PATHS = (
					"$(inherited)",
					"@executable_path/Frameworks",
				);
				MARKETING_VERSION = 1.0;
				PRODUCT_BUNDLE_IDENTIFIER = "nureddinelmas.Tic-Tac-Toe-with-plus-version";
				PRODUCT_NAME = "$(TARGET_NAME)";
				SWIFT_EMIT_LOC_STRINGS = YES;
				SWIFT_VERSION = 5.0;
				TARGETED_DEVICE_FAMILY = "1,2";
			};
			name = Release;
		};
/* End XCBuildConfiguration section */

/* Begin XCConfigurationList section */
		E119A0A9275C289000289FC3 /* Build configuration list for PBXProject "Tic-Tac-Toe with plus version" */ = {
			isa = XCConfigurationList;
			buildConfigurations = (
				E119A0C0275C289200289FC3 /* Debug */,
				E119A0C1275C289200289FC3 /* Release */,
			);
			defaultConfigurationIsVisible = 0;
			defaultConfigurationName = Release;
		};
		E119A0C2275C289200289FC3 /* Build configuration list for PBXNativeTarget "Tic-Tac-Toe with plus version" */ = {
			isa = XCConfigurationList;
			buildConfigurations = (
				E119A0C3275C289200289FC3 /* Debug */,
				E119A0C4275C289200289FC3 /* Release */,
			);
			defaultConfigurationIsVisible = 0;
			defaultConfigurationName = Release;
		};
/* End XCConfigurationList section */
	};
	rootObject = E119A0A6275C289000289FC3 /* Project object */;
}
